# This file is automatically @generated by Cargo.
# It is not intended for manual editing.
version = 3

[[package]]
name = "parser_combinator"
version = "0.1.0"
source = "git+https://github.com/ekinimo/Kirby?branch=State#076d84243ecf4a73454ef22b29a20952b9571987"

[[package]]
name = "termplot"
version = "0.1.0"
dependencies = [
 "parser_combinator",
]
